
Microsoft Visual Studio Solution File, Format Version 12.00
# Visual Studio 14
VisualStudioVersion = 14.0.24720.0
MinimumVisualStudioVersion = 10.0.40219.1
Project("{FAE04EC0-301F-11D3-BF4B-00C04F79EFBC}") = "GraZatw", "GraZatw\GraZatw.csproj", "{F6777271-1D0E-4777-ABF7-050FDD640D50}"
EndProject
Global
	GlobalSection(SolutionConfigurationPlatforms) = preSolution
		Debug|Any CPU = Debug|Any CPU
		Release|Any CPU = Release|Any CPU
	EndGlobalSection
	GlobalSection(ProjectConfigurationPlatforms) = postSolution
		{F6777271-1D0E-4777-ABF7-050FDD640D50}.Debug|Any CPU.ActiveCfg = Debug|Any CPU
		{F6777271-1D0E-4777-ABF7-050FDD640D50}.Debug|Any CPU.Build.0 = Debug|Any CPU
		{F6777271-1D0E-4777-ABF7-050FDD640D50}.Release|Any CPU.ActiveCfg = Release|Any CPU
		{F6777271-1D0E-4777-ABF7-050FDD640D50}.Release|Any CPU.Build.0 = Release|Any CPU
	EndGlobalSection
	GlobalSection(SolutionProperties) = preSolution
		HideSolutionNode = FALSE
	EndGlobalSection
EndGlobal
